
Microsoft Visual Studio Solution File, Format Version 12.00
# Visual Studio 15
VisualStudioVersion = 15.0.28010.2016
MinimumVisualStudioVersion = 10.0.40219.1
Project("{8BC9CEB8-8B4A-11D0-8D11-00A0C91BC942}") = "R11", "R11\R11.vcxproj", "{C4A2244B-71DD-400D-A807-3EBEC966E778}"
EndProject
Project("{8BC9CEB8-8B4A-11D0-8D11-00A0C91BC942}") = "conio", "conio\conio.vcxproj", "{2704DC47-A7C2-4FA4-B9B8-819853054FCB}"
EndProject
Project("{8BC9CEB8-8B4A-11D0-8D11-00A0C91BC942}") = "filesystem", "filesystem\filesystem.vcxproj", "{1E64833A-514C-4766-B5A7-07A75BF86F31}"
EndProject
Project("{8BC9CEB8-8B4A-11D0-8D11-00A0C91BC942}") = "math", "math\math.vcxproj", "{8C6D287B-0623-43A5-8DAF-84D1FAF3AA28}"
EndProject
Project("{8BC9CEB8-8B4A-11D0-8D11-00A0C91BC942}") = "system", "system\system.vcxproj", "{AF840F98-1FD2-4EE2-A372-7DF0E7369330}"
EndProject
Project("{8BC9CEB8-8B4A-11D0-8D11-00A0C91BC942}") = "windows", "windows\windows.vcxproj", "{86F4C861-72FC-4703-BD27-320AF5215066}"
EndProject
Global
	GlobalSection(SolutionConfigurationPlatforms) = preSolution
		Debug|x64 = Debug|x64
		Debug|x86 = Debug|x86
		Release|x64 = Release|x64
		Release|x86 = Release|x86
	EndGlobalSection
	GlobalSection(ProjectConfigurationPlatforms) = postSolution
		{C4A2244B-71DD-400D-A807-3EBEC966E778}.Debug|x64.ActiveCfg = Debug|x64
		{C4A2244B-71DD-400D-A807-3EBEC966E778}.Debug|x64.Build.0 = Debug|x64
		{C4A2244B-71DD-400D-A807-3EBEC966E778}.Debug|x86.ActiveCfg = Debug|Win32
		{C4A2244B-71DD-400D-A807-3EBEC966E778}.Debug|x86.Build.0 = Debug|Win32
		{C4A2244B-71DD-400D-A807-3EBEC966E778}.Release|x64.ActiveCfg = Release|x64
		{C4A2244B-71DD-400D-A807-3EBEC966E778}.Release|x64.Build.0 = Release|x64
		{C4A2244B-71DD-400D-A807-3EBEC966E778}.Release|x86.ActiveCfg = Release|Win32
		{C4A2244B-71DD-400D-A807-3EBEC966E778}.Release|x86.Build.0 = Release|Win32
		{2704DC47-A7C2-4FA4-B9B8-819853054FCB}.Debug|x64.ActiveCfg = Debug|x64
		{2704DC47-A7C2-4FA4-B9B8-819853054FCB}.Debug|x64.Build.0 = Debug|x64
		{2704DC47-A7C2-4FA4-B9B8-819853054FCB}.Debug|x86.ActiveCfg = Debug|Win32
		{2704DC47-A7C2-4FA4-B9B8-819853054FCB}.Debug|x86.Build.0 = Debug|Win32
		{2704DC47-A7C2-4FA4-B9B8-819853054FCB}.Release|x64.ActiveCfg = Release|x64
		{2704DC47-A7C2-4FA4-B9B8-819853054FCB}.Release|x64.Build.0 = Release|x64
		{2704DC47-A7C2-4FA4-B9B8-819853054FCB}.Release|x86.ActiveCfg = Release|Win32
		{2704DC47-A7C2-4FA4-B9B8-819853054FCB}.Release|x86.Build.0 = Release|Win32
		{1E64833A-514C-4766-B5A7-07A75BF86F31}.Debug|x64.ActiveCfg = Debug|x64
		{1E64833A-514C-4766-B5A7-07A75BF86F31}.Debug|x64.Build.0 = Debug|x64
		{1E64833A-514C-4766-B5A7-07A75BF86F31}.Debug|x86.ActiveCfg = Debug|Win32
		{1E64833A-514C-4766-B5A7-07A75BF86F31}.Debug|x86.Build.0 = Debug|Win32
		{1E64833A-514C-4766-B5A7-07A75BF86F31}.Release|x64.ActiveCfg = Release|x64
		{1E64833A-514C-4766-B5A7-07A75BF86F31}.Release|x64.Build.0 = Release|x64
		{1E64833A-514C-4766-B5A7-07A75BF86F31}.Release|x86.ActiveCfg = Release|Win32
		{1E64833A-514C-4766-B5A7-07A75BF86F31}.Release|x86.Build.0 = Release|Win32
		{8C6D287B-0623-43A5-8DAF-84D1FAF3AA28}.Debug|x64.ActiveCfg = Debug|x64
		{8C6D287B-0623-43A5-8DAF-84D1FAF3AA28}.Debug|x64.Build.0 = Debug|x64
		{8C6D287B-0623-43A5-8DAF-84D1FAF3AA28}.Debug|x86.ActiveCfg = Debug|Win32
		{8C6D287B-0623-43A5-8DAF-84D1FAF3AA28}.Debug|x86.Build.0 = Debug|Win32
		{8C6D287B-0623-43A5-8DAF-84D1FAF3AA28}.Release|x64.ActiveCfg = Release|x64
		{8C6D287B-0623-43A5-8DAF-84D1FAF3AA28}.Release|x64.Build.0 = Release|x64
		{8C6D287B-0623-43A5-8DAF-84D1FAF3AA28}.Release|x86.ActiveCfg = Release|Win32
		{8C6D287B-0623-43A5-8DAF-84D1FAF3AA28}.Release|x86.Build.0 = Release|Win32
		{AF840F98-1FD2-4EE2-A372-7DF0E7369330}.Debug|x64.ActiveCfg = Debug|x64
		{AF840F98-1FD2-4EE2-A372-7DF0E7369330}.Debug|x64.Build.0 = Debug|x64
		{AF840F98-1FD2-4EE2-A372-7DF0E7369330}.Debug|x86.ActiveCfg = Debug|Win32
		{AF840F98-1FD2-4EE2-A372-7DF0E7369330}.Debug|x86.Build.0 = Debug|Win32
		{AF840F98-1FD2-4EE2-A372-7DF0E7369330}.Release|x64.ActiveCfg = Release|x64
		{AF840F98-1FD2-4EE2-A372-7DF0E7369330}.Release|x64.Build.0 = Release|x64
		{AF840F98-1FD2-4EE2-A372-7DF0E7369330}.Release|x86.ActiveCfg = Release|Win32
		{AF840F98-1FD2-4EE2-A372-7DF0E7369330}.Release|x86.Build.0 = Release|Win32
		{86F4C861-72FC-4703-BD27-320AF5215066}.Debug|x64.ActiveCfg = Debug|x64
		{86F4C861-72FC-4703-BD27-320AF5215066}.Debug|x64.Build.0 = Debug|x64
		{86F4C861-72FC-4703-BD27-320AF5215066}.Debug|x86.ActiveCfg = Debug|Win32
		{86F4C861-72FC-4703-BD27-320AF5215066}.Debug|x86.Build.0 = Debug|Win32
		{86F4C861-72FC-4703-BD27-320AF5215066}.Release|x64.ActiveCfg = Release|x64
		{86F4C861-72FC-4703-BD27-320AF5215066}.Release|x64.Build.0 = Release|x64
		{86F4C861-72FC-4703-BD27-320AF5215066}.Release|x86.ActiveCfg = Release|Win32
		{86F4C861-72FC-4703-BD27-320AF5215066}.Release|x86.Build.0 = Release|Win32
	EndGlobalSection
	GlobalSection(SolutionProperties) = preSolution
		HideSolutionNode = FALSE
	EndGlobalSection
	GlobalSection(ExtensibilityGlobals) = postSolution
		SolutionGuid = {E363FEE2-667C-4BAA-B009-5D98B0FCD1FE}
	EndGlobalSection
EndGlobal
